
Microsoft Visual Studio Solution File, Format Version 12.00
# Visual Studio Version 17
VisualStudioVersion = 17.2.32519.379
MinimumVisualStudioVersion = 10.0.40219.1
Project("{9A19103F-16F7-4668-BE54-9A1E7A4F7556}") = "EatMeat.Database", "EatMeat.Database\EatMeat.Database.csproj", "{FE619608-E8FD-47DD-8AF0-F18811BDDE2C}"
EndProject
Project("{9A19103F-16F7-4668-BE54-9A1E7A4F7556}") = "EatMeat.EntityFramework", "EatMeat.EntityFramework\EatMeat.EntityFramework.csproj", "{507ADFE2-70A1-409D-9A3E-EB63741684C6}"
EndProject
Project("{9A19103F-16F7-4668-BE54-9A1E7A4F7556}") = "EatMeat.Services", "EatMeat.Services\EatMeat.Services.csproj", "{A6F17B31-04EC-40AC-BFB8-05DD094B8859}"
EndProject
Project("{9A19103F-16F7-4668-BE54-9A1E7A4F7556}") = "EatMeat.Common", "EatMeat.Common\EatMeat.Common.csproj", "{6B241E81-17DB-4197-90E7-EB8DA47722D5}"
EndProject
Project("{FAE04EC0-301F-11D3-BF4B-00C04F79EFBC}") = "EatMeat.Web", "EatMeat.Web\EatMeat.Web.csproj", "{349C9C35-8466-43E3-BEC6-42234054F954}"
EndProject
Global
	GlobalSection(SolutionConfigurationPlatforms) = preSolution
		Debug|Any CPU = Debug|Any CPU
		Release|Any CPU = Release|Any CPU
	EndGlobalSection
	GlobalSection(ProjectConfigurationPlatforms) = postSolution
		{FE619608-E8FD-47DD-8AF0-F18811BDDE2C}.Debug|Any CPU.ActiveCfg = Debug|Any CPU
		{FE619608-E8FD-47DD-8AF0-F18811BDDE2C}.Debug|Any CPU.Build.0 = Debug|Any CPU
		{FE619608-E8FD-47DD-8AF0-F18811BDDE2C}.Release|Any CPU.ActiveCfg = Release|Any CPU
		{FE619608-E8FD-47DD-8AF0-F18811BDDE2C}.Release|Any CPU.Build.0 = Release|Any CPU
		{507ADFE2-70A1-409D-9A3E-EB63741684C6}.Debug|Any CPU.ActiveCfg = Debug|Any CPU
		{507ADFE2-70A1-409D-9A3E-EB63741684C6}.Debug|Any CPU.Build.0 = Debug|Any CPU
		{507ADFE2-70A1-409D-9A3E-EB63741684C6}.Release|Any CPU.ActiveCfg = Release|Any CPU
		{507ADFE2-70A1-409D-9A3E-EB63741684C6}.Release|Any CPU.Build.0 = Release|Any CPU
		{A6F17B31-04EC-40AC-BFB8-05DD094B8859}.Debug|Any CPU.ActiveCfg = Debug|Any CPU
		{A6F17B31-04EC-40AC-BFB8-05DD094B8859}.Debug|Any CPU.Build.0 = Debug|Any CPU
		{A6F17B31-04EC-40AC-BFB8-05DD094B8859}.Release|Any CPU.ActiveCfg = Release|Any CPU
		{A6F17B31-04EC-40AC-BFB8-05DD094B8859}.Release|Any CPU.Build.0 = Release|Any CPU
		{6B241E81-17DB-4197-90E7-EB8DA47722D5}.Debug|Any CPU.ActiveCfg = Debug|Any CPU
		{6B241E81-17DB-4197-90E7-EB8DA47722D5}.Debug|Any CPU.Build.0 = Debug|Any CPU
		{6B241E81-17DB-4197-90E7-EB8DA47722D5}.Release|Any CPU.ActiveCfg = Release|Any CPU
		{6B241E81-17DB-4197-90E7-EB8DA47722D5}.Release|Any CPU.Build.0 = Release|Any CPU
		{349C9C35-8466-43E3-BEC6-42234054F954}.Debug|Any CPU.ActiveCfg = Debug|Any CPU
		{349C9C35-8466-43E3-BEC6-42234054F954}.Debug|Any CPU.Build.0 = Debug|Any CPU
		{349C9C35-8466-43E3-BEC6-42234054F954}.Release|Any CPU.ActiveCfg = Release|Any CPU
		{349C9C35-8466-43E3-BEC6-42234054F954}.Release|Any CPU.Build.0 = Release|Any CPU
	EndGlobalSection
	GlobalSection(SolutionProperties) = preSolution
		HideSolutionNode = FALSE
	EndGlobalSection
	GlobalSection(ExtensibilityGlobals) = postSolution
		SolutionGuid = {68B4A16A-1FBA-4CC1-8FA0-77188F7330B2}
	EndGlobalSection
EndGlobal
